# THIS IS AN AUTOGENERATED FILE. DO NOT EDIT THIS FILE DIRECTLY.
# yarn lockfile v1


"@prisma/client@5.8.0":
  version "5.8.0"
  resolved "https://registry.yarnpkg.com/@prisma/client/-/client-5.8.0.tgz#5f4c8c1c7cb60b1f4d39082bb214d048ffeb3730"
  integrity sha512-QxO6C4MaA/ysTIbC+EcAH1aX/YkpymhXtO6zPdk+FvA7+59tNibIYpd+7koPdViLg2iKES4ojsxWNUGNJaEcbA==

"@prisma/debug@5.8.0":
  version "5.8.0"
  resolved "https://registry.yarnpkg.com/@prisma/debug/-/debug-5.8.0.tgz#e49b9d8fd4ef79d177ac4b9f5242e857e8d5a044"
  integrity sha512-ZqPpkvbovu/kQJ1bvy57NO4dw97fpQGcbQSCtsqlwSE1UNKJP75R3BKxdznk8ZPMY+GJdMRetWNv4oAvSbWn8Q==

"@prisma/engines-version@5.8.0-37.0a83d8541752d7582de2ebc1ece46519ce72a848":
  version "5.8.0-37.0a83d8541752d7582de2ebc1ece46519ce72a848"
  resolved "https://registry.yarnpkg.com/@prisma/engines-version/-/engines-version-5.8.0-37.0a83d8541752d7582de2ebc1ece46519ce72a848.tgz#072d9fb98d9454aeb3549ae8c922446313312145"
  integrity sha512-cXcoVweYbnv8xRfkWq9oj8BECOdzHUazrSpYCa0ehp5TNz4l5Spa8jbq/VROCTzj3ZncH5D9Q2TmySYTOUeKlw==

"@prisma/engines@5.8.0":
  version "5.8.0"
  resolved "https://registry.yarnpkg.com/@prisma/engines/-/engines-5.8.0.tgz#610560705a8753089ceb93cee8102679ba7eed51"
  integrity sha512-Qhqm9WWLujNEC13AuZlUO14SQ15tNLe5puaz+tOk7UqINqJ3PtqMmuSuzomiw2diGVqZ+HYiSQzlR3+pPucVHA==
  dependencies:
    "@prisma/debug" "5.8.0"
    "@prisma/engines-version" "5.8.0-37.0a83d8541752d7582de2ebc1ece46519ce72a848"
    "@prisma/fetch-engine" "5.8.0"
    "@prisma/get-platform" "5.8.0"

"@prisma/fetch-engine@5.8.0":
  version "5.8.0"
  resolved "https://registry.yarnpkg.com/@prisma/fetch-engine/-/fetch-engine-5.8.0.tgz#ebba3f0fdf6b9c757502f5dd34fcfa80690e4e7b"
  integrity sha512-1CAuE+JoYsPNggMEn6qk0zos06Uc9bYZBJ0VBPHD6R7REL05614koAbOCmn52IaYz3nobb7f25hqW6AY7rLkIw==
  dependencies:
    "@prisma/debug" "5.8.0"
    "@prisma/engines-version" "5.8.0-37.0a83d8541752d7582de2ebc1ece46519ce72a848"
    "@prisma/get-platform" "5.8.0"

"@prisma/get-platform@5.8.0":
  version "5.8.0"
  resolved "https://registry.yarnpkg.com/@prisma/get-platform/-/get-platform-5.8.0.tgz#a1057322f0cb5dd0d2f59b4120659621e5e24526"
  integrity sha512-Nk3rhTFZ1LYkFZJnpSvQcLPCaBWgJQfteHII6UEENOOkYlmP0k3FuswND54tzzEr4qs39wOdV9pbXKX9U2lv7A==
  dependencies:
    "@prisma/debug" "5.8.0"

prisma@5.8.0:
  version "5.8.0"
  resolved "https://registry.yarnpkg.com/prisma/-/prisma-5.8.0.tgz#4efef66c1e8aee98bbc1d41b32bf629f5f7275b2"
  integrity sha512-hDKoEqPt2qEUTH5yGO3l27CBnPtwvte0CGMKrpCr9+/A919JghfqJ3qgCGgMbOwdkXUOzdho0RH9tyUF3UhpMw==
  dependencies:
    "@prisma/engines" "5.8.0"
